// !$*UTF8*$!
{
	archiveVersion = 1;
	classes = {
	};
	objectVersion = 56;
	objects = {

/* Begin PBXBuildFile section */
		8C5440052913FDB9009721C7 /* Login.swift in Sources */ = {isa = PBXBuildFile; fileRef = 8C5440042913FDB9009721C7 /* Login.swift */; };
		8C54400B29140ED5009721C7 /* LoginService.swift in Sources */ = {isa = PBXBuildFile; fileRef = 8C54400A29140ED5009721C7 /* LoginService.swift */; };
		8C54400D29142329009721C7 /* Network.swift in Sources */ = {isa = PBXBuildFile; fileRef = 8C54400C29142329009721C7 /* Network.swift */; };
		8C54400F29142387009721C7 /* Request.swift in Sources */ = {isa = PBXBuildFile; fileRef = 8C54400E29142387009721C7 /* Request.swift */; };
		8C54401229142512009721C7 /* Config.swift in Sources */ = {isa = PBXBuildFile; fileRef = 8C54401129142512009721C7 /* Config.swift */; };
		8C54401429142EF5009721C7 /* LoginModel.swift in Sources */ = {isa = PBXBuildFile; fileRef = 8C54401329142EF5009721C7 /* LoginModel.swift */; };
		8C54401629147BDC009721C7 /* User.swift in Sources */ = {isa = PBXBuildFile; fileRef = 8C54401529147BDC009721C7 /* User.swift */; };
		8C54401929148E62009721C7 /* UserSession.swift in Sources */ = {isa = PBXBuildFile; fileRef = 8C54401829148E62009721C7 /* UserSession.swift */; };
		8C54401B2915A504009721C7 /* ListCarsViewController.swift in Sources */ = {isa = PBXBuildFile; fileRef = 8C54401A2915A504009721C7 /* ListCarsViewController.swift */; };
		8C54401D2915A578009721C7 /* ListCarsCoordinator.swift in Sources */ = {isa = PBXBuildFile; fileRef = 8C54401C2915A578009721C7 /* ListCarsCoordinator.swift */; };
		8C5440202915AD51009721C7 /* ListCarsStoryboard.storyboard in Resources */ = {isa = PBXBuildFile; fileRef = 8C54401F2915AD51009721C7 /* ListCarsStoryboard.storyboard */; };
		8C7B0AE5291AA61000940E7A /* DetailViewController.swift in Sources */ = {isa = PBXBuildFile; fileRef = 8C7B0AE4291AA61000940E7A /* DetailViewController.swift */; };
		8C7B0AE8291AA67400940E7A /* DetailStoryboard.storyboard in Resources */ = {isa = PBXBuildFile; fileRef = 8C7B0AE7291AA67400940E7A /* DetailStoryboard.storyboard */; };
		8C7B0AEA291AA68C00940E7A /* DetailCoordinator.swift in Sources */ = {isa = PBXBuildFile; fileRef = 8C7B0AE9291AA68C00940E7A /* DetailCoordinator.swift */; };
		8C7B0AEC291AD28A00940E7A /* DetailModel.swift in Sources */ = {isa = PBXBuildFile; fileRef = 8C7B0AEB291AD28A00940E7A /* DetailModel.swift */; };
		8C897EDB2912A2DB00B757F8 /* AppDelegate.swift in Sources */ = {isa = PBXBuildFile; fileRef = 8C897EDA2912A2DB00B757F8 /* AppDelegate.swift */; };
		8C897EDD2912A2DB00B757F8 /* SceneDelegate.swift in Sources */ = {isa = PBXBuildFile; fileRef = 8C897EDC2912A2DB00B757F8 /* SceneDelegate.swift */; };
		8C897EDF2912A2DB00B757F8 /* LoginViewController.swift in Sources */ = {isa = PBXBuildFile; fileRef = 8C897EDE2912A2DB00B757F8 /* LoginViewController.swift */; };
		8C897EE42912A2DC00B757F8 /* Assets.xcassets in Resources */ = {isa = PBXBuildFile; fileRef = 8C897EE32912A2DC00B757F8 /* Assets.xcassets */; };
		8C897EE72912A2DC00B757F8 /* LaunchScreen.storyboard in Resources */ = {isa = PBXBuildFile; fileRef = 8C897EE52912A2DC00B757F8 /* LaunchScreen.storyboard */; };
		8C897EEF2912A67700B757F8 /* Coordinator.swift in Sources */ = {isa = PBXBuildFile; fileRef = 8C897EEE2912A67700B757F8 /* Coordinator.swift */; };
		8C897EF12912A6DF00B757F8 /* AppCoordinator.swift in Sources */ = {isa = PBXBuildFile; fileRef = 8C897EF02912A6DF00B757F8 /* AppCoordinator.swift */; };
		8C897EF62912AEE200B757F8 /* LoginCoordinator.swift in Sources */ = {isa = PBXBuildFile; fileRef = 8C897EF52912AEE200B757F8 /* LoginCoordinator.swift */; };
		8C897EF92912BA2500B757F8 /* LoginStoryboard.storyboard in Resources */ = {isa = PBXBuildFile; fileRef = 8C897EF82912BA2500B757F8 /* LoginStoryboard.storyboard */; };
		8CA7EE0A2919456D00AB620C /* ListCarsTableViewCell.swift in Sources */ = {isa = PBXBuildFile; fileRef = 8CA7EE092919456D00AB620C /* ListCarsTableViewCell.swift */; };
		8CA7EE0E29194E7F00AB620C /* Car.swift in Sources */ = {isa = PBXBuildFile; fileRef = 8CA7EE0D29194E7F00AB620C /* Car.swift */; };
		8CA7EE10291951CB00AB620C /* ListCarsModel.swift in Sources */ = {isa = PBXBuildFile; fileRef = 8CA7EE0F291951CB00AB620C /* ListCarsModel.swift */; };
		8CA7EE132919543200AB620C /* Kingfisher in Frameworks */ = {isa = PBXBuildFile; productRef = 8CA7EE122919543200AB620C /* Kingfisher */; };
		8CA7EE1529198BF000AB620C /* ListCarsService.swift in Sources */ = {isa = PBXBuildFile; fileRef = 8CA7EE1429198BF000AB620C /* ListCarsService.swift */; };
/* End PBXBuildFile section */

/* Begin PBXFileReference section */
		8C5440042913FDB9009721C7 /* Login.swift */ = {isa = PBXFileReference; lastKnownFileType = sourcecode.swift; path = Login.swift; sourceTree = "<group>"; };
		8C54400A29140ED5009721C7 /* LoginService.swift */ = {isa = PBXFileReference; lastKnownFileType = sourcecode.swift; path = LoginService.swift; sourceTree = "<group>"; };
		8C54400C29142329009721C7 /* Network.swift */ = {isa = PBXFileReference; lastKnownFileType = sourcecode.swift; path = Network.swift; sourceTree = "<group>"; };
		8C54400E29142387009721C7 /* Request.swift */ = {isa = PBXFileReference; lastKnownFileType = sourcecode.swift; path = Request.swift; sourceTree = "<group>"; };
		8C54401129142512009721C7 /* Config.swift */ = {isa = PBXFileReference; lastKnownFileType = sourcecode.swift; path = Config.swift; sourceTree = "<group>"; };
		8C54401329142EF5009721C7 /* LoginModel.swift */ = {isa = PBXFileReference; lastKnownFileType = sourcecode.swift; path = LoginModel.swift; sourceTree = "<group>"; };
		8C54401529147BDC009721C7 /* User.swift */ = {isa = PBXFileReference; lastKnownFileType = sourcecode.swift; path = User.swift; sourceTree = "<group>"; };
		8C54401829148E62009721C7 /* UserSession.swift */ = {isa = PBXFileReference; lastKnownFileType = sourcecode.swift; path = UserSession.swift; sourceTree = "<group>"; };
		8C54401A2915A504009721C7 /* ListCarsViewController.swift */ = {isa = PBXFileReference; lastKnownFileType = sourcecode.swift; path = ListCarsViewController.swift; sourceTree = "<group>"; };
		8C54401C2915A578009721C7 /* ListCarsCoordinator.swift */ = {isa = PBXFileReference; lastKnownFileType = sourcecode.swift; path = ListCarsCoordinator.swift; sourceTree = "<group>"; };
		8C54401F2915AD51009721C7 /* ListCarsStoryboard.storyboard */ = {isa = PBXFileReference; lastKnownFileType = file.storyboard; path = ListCarsStoryboard.storyboard; sourceTree = "<group>"; };
		8C7B0AE4291AA61000940E7A /* DetailViewController.swift */ = {isa = PBXFileReference; lastKnownFileType = sourcecode.swift; path = DetailViewController.swift; sourceTree = "<group>"; };
		8C7B0AE7291AA67400940E7A /* DetailStoryboard.storyboard */ = {isa = PBXFileReference; lastKnownFileType = file.storyboard; path = DetailStoryboard.storyboard; sourceTree = "<group>"; };
		8C7B0AE9291AA68C00940E7A /* DetailCoordinator.swift */ = {isa = PBXFileReference; lastKnownFileType = sourcecode.swift; path = DetailCoordinator.swift; sourceTree = "<group>"; };
		8C7B0AEB291AD28A00940E7A /* DetailModel.swift */ = {isa = PBXFileReference; lastKnownFileType = sourcecode.swift; path = DetailModel.swift; sourceTree = "<group>"; };
		8C897ED72912A2DB00B757F8 /* AppCarros.app */ = {isa = PBXFileReference; explicitFileType = wrapper.application; includeInIndex = 0; path = AppCarros.app; sourceTree = BUILT_PRODUCTS_DIR; };
		8C897EDA2912A2DB00B757F8 /* AppDelegate.swift */ = {isa = PBXFileReference; lastKnownFileType = sourcecode.swift; path = AppDelegate.swift; sourceTree = "<group>"; };
		8C897EDC2912A2DB00B757F8 /* SceneDelegate.swift */ = {isa = PBXFileReference; lastKnownFileType = sourcecode.swift; path = SceneDelegate.swift; sourceTree = "<group>"; };
		8C897EDE2912A2DB00B757F8 /* LoginViewController.swift */ = {isa = PBXFileReference; lastKnownFileType = sourcecode.swift; path = LoginViewController.swift; sourceTree = "<group>"; };
		8C897EE32912A2DC00B757F8 /* Assets.xcassets */ = {isa = PBXFileReference; lastKnownFileType = folder.assetcatalog; path = Assets.xcassets; sourceTree = "<group>"; };
		8C897EE62912A2DC00B757F8 /* Base */ = {isa = PBXFileReference; lastKnownFileType = file.storyboard; name = Base; path = Base.lproj/LaunchScreen.storyboard; sourceTree = "<group>"; };
		8C897EE82912A2DC00B757F8 /* Info.plist */ = {isa = PBXFileReference; lastKnownFileType = text.plist.xml; path = Info.plist; sourceTree = "<group>"; };
		8C897EEE2912A67700B757F8 /* Coordinator.swift */ = {isa = PBXFileReference; lastKnownFileType = sourcecode.swift; path = Coordinator.swift; sourceTree = "<group>"; };
		8C897EF02912A6DF00B757F8 /* AppCoordinator.swift */ = {isa = PBXFileReference; lastKnownFileType = sourcecode.swift; path = AppCoordinator.swift; sourceTree = "<group>"; };
		8C897EF52912AEE200B757F8 /* LoginCoordinator.swift */ = {isa = PBXFileReference; lastKnownFileType = sourcecode.swift; path = LoginCoordinator.swift; sourceTree = "<group>"; };
		8C897EF82912BA2500B757F8 /* LoginStoryboard.storyboard */ = {isa = PBXFileReference; lastKnownFileType = file.storyboard; path = LoginStoryboard.storyboard; sourceTree = "<group>"; };
		8CA7EE092919456D00AB620C /* ListCarsTableViewCell.swift */ = {isa = PBXFileReference; lastKnownFileType = sourcecode.swift; path = ListCarsTableViewCell.swift; sourceTree = "<group>"; };
		8CA7EE0D29194E7F00AB620C /* Car.swift */ = {isa = PBXFileReference; lastKnownFileType = sourcecode.swift; path = Car.swift; sourceTree = "<group>"; };
		8CA7EE0F291951CB00AB620C /* ListCarsModel.swift */ = {isa = PBXFileReference; lastKnownFileType = sourcecode.swift; path = ListCarsModel.swift; sourceTree = "<group>"; };
		8CA7EE1429198BF000AB620C /* ListCarsService.swift */ = {isa = PBXFileReference; lastKnownFileType = sourcecode.swift; path = ListCarsService.swift; sourceTree = "<group>"; };
/* End PBXFileReference section */

/* Begin PBXFrameworksBuildPhase section */
		8C897ED42912A2DB00B757F8 /* Frameworks */ = {
			isa = PBXFrameworksBuildPhase;
			buildActionMask = 2147483647;
			files = (
				8CA7EE132919543200AB620C /* Kingfisher in Frameworks */,
			);
			runOnlyForDeploymentPostprocessing = 0;
		};
/* End PBXFrameworksBuildPhase section */

/* Begin PBXGroup section */
		8C54401029142394009721C7 /* Networks */ = {
			isa = PBXGroup;
			children = (
				8C54400C29142329009721C7 /* Network.swift */,
				8C54400E29142387009721C7 /* Request.swift */,
				8C54401129142512009721C7 /* Config.swift */,
			);
			path = Networks;
			sourceTree = "<group>";
		};
		8C54401729147D2A009721C7 /* Models */ = {
			isa = PBXGroup;
			children = (
				8C54401529147BDC009721C7 /* User.swift */,
				8C5440042913FDB9009721C7 /* Login.swift */,
				8C54401829148E62009721C7 /* UserSession.swift */,
				8CA7EE0D29194E7F00AB620C /* Car.swift */,
			);
			path = Models;
			sourceTree = "<group>";
		};
		8C54401E2915A583009721C7 /* ListCars */ = {
			isa = PBXGroup;
			children = (
				8C54401C2915A578009721C7 /* ListCarsCoordinator.swift */,
				8C54401A2915A504009721C7 /* ListCarsViewController.swift */,
				8CA7EE0F291951CB00AB620C /* ListCarsModel.swift */,
				8CA7EE1429198BF000AB620C /* ListCarsService.swift */,
				8CA7EE092919456D00AB620C /* ListCarsTableViewCell.swift */,
				8C54401F2915AD51009721C7 /* ListCarsStoryboard.storyboard */,
			);
			path = ListCars;
			sourceTree = "<group>";
		};
		8C7B0AE6291AA61600940E7A /* Detail */ = {
			isa = PBXGroup;
			children = (
				8C7B0AE9291AA68C00940E7A /* DetailCoordinator.swift */,
				8C7B0AE4291AA61000940E7A /* DetailViewController.swift */,
				8C7B0AEB291AD28A00940E7A /* DetailModel.swift */,
				8C7B0AE7291AA67400940E7A /* DetailStoryboard.storyboard */,
			);
			path = Detail;
			sourceTree = "<group>";
		};
		8C897ECE2912A2DB00B757F8 = {
			isa = PBXGroup;
			children = (
				8C897ED92912A2DB00B757F8 /* AppCarros */,
				8C897ED82912A2DB00B757F8 /* Products */,
			);
			sourceTree = "<group>";
		};
		8C897ED82912A2DB00B757F8 /* Products */ = {
			isa = PBXGroup;
			children = (
				8C897ED72912A2DB00B757F8 /* AppCarros.app */,
			);
			name = Products;
			sourceTree = "<group>";
		};
		8C897ED92912A2DB00B757F8 /* AppCarros */ = {
			isa = PBXGroup;
			children = (
				8C897EDA2912A2DB00B757F8 /* AppDelegate.swift */,
				8C897EDC2912A2DB00B757F8 /* SceneDelegate.swift */,
				8C54401029142394009721C7 /* Networks */,
				8C897EF42912AA9100B757F8 /* Coordinator */,
				8C54401729147D2A009721C7 /* Models */,
				8CDED0782913156D000F665C /* Login */,
				8C54401E2915A583009721C7 /* ListCars */,
				8C7B0AE6291AA61600940E7A /* Detail */,
				8C897EE32912A2DC00B757F8 /* Assets.xcassets */,
				8C897EE52912A2DC00B757F8 /* LaunchScreen.storyboard */,
				8C897EE82912A2DC00B757F8 /* Info.plist */,
			);
			path = AppCarros;
			sourceTree = "<group>";
		};
		8C897EF42912AA9100B757F8 /* Coordinator */ = {
			isa = PBXGroup;
			children = (
				8C897EEE2912A67700B757F8 /* Coordinator.swift */,
				8C897EF02912A6DF00B757F8 /* AppCoordinator.swift */,
			);
			path = Coordinator;
			sourceTree = "<group>";
		};
		8CDED0782913156D000F665C /* Login */ = {
			isa = PBXGroup;
			children = (
				8C897EF52912AEE200B757F8 /* LoginCoordinator.swift */,
				8C897EDE2912A2DB00B757F8 /* LoginViewController.swift */,
				8C54401329142EF5009721C7 /* LoginModel.swift */,
				8C54400A29140ED5009721C7 /* LoginService.swift */,
				8C897EF82912BA2500B757F8 /* LoginStoryboard.storyboard */,
			);
			path = Login;
			sourceTree = "<group>";
		};
/* End PBXGroup section */

/* Begin PBXNativeTarget section */
		8C897ED62912A2DB00B757F8 /* AppCarros */ = {
			isa = PBXNativeTarget;
			buildConfigurationList = 8C897EEB2912A2DC00B757F8 /* Build configuration list for PBXNativeTarget "AppCarros" */;
			buildPhases = (
				8C897ED32912A2DB00B757F8 /* Sources */,
				8C897ED42912A2DB00B757F8 /* Frameworks */,
				8C897ED52912A2DB00B757F8 /* Resources */,
				8C897EF72912B9A200B757F8 /* ShellScript */,
			);
			buildRules = (
			);
			dependencies = (
			);
			name = AppCarros;
			packageProductDependencies = (
				8CA7EE122919543200AB620C /* Kingfisher */,
			);
			productName = AppCarros;
			productReference = 8C897ED72912A2DB00B757F8 /* AppCarros.app */;
			productType = "com.apple.product-type.application";
		};
/* End PBXNativeTarget section */

/* Begin PBXProject section */
		8C897ECF2912A2DB00B757F8 /* Project object */ = {
			isa = PBXProject;
			attributes = {
				BuildIndependentTargetsInParallel = 1;
				LastSwiftUpdateCheck = 1400;
				LastUpgradeCheck = 1400;
				TargetAttributes = {
					8C897ED62912A2DB00B757F8 = {
						CreatedOnToolsVersion = 14.0.1;
					};
				};
			};
			buildConfigurationList = 8C897ED22912A2DB00B757F8 /* Build configuration list for PBXProject "AppCarros" */;
			compatibilityVersion = "Xcode 14.0";
			developmentRegion = en;
			hasScannedForEncodings = 0;
			knownRegions = (
				en,
				Base,
			);
			mainGroup = 8C897ECE2912A2DB00B757F8;
			packageReferences = (
				8CA7EE112919543200AB620C /* XCRemoteSwiftPackageReference "Kingfisher" */,
			);
			productRefGroup = 8C897ED82912A2DB00B757F8 /* Products */;
			projectDirPath = "";
			projectRoot = "";
			targets = (
				8C897ED62912A2DB00B757F8 /* AppCarros */,
			);
		};
/* End PBXProject section */

/* Begin PBXResourcesBuildPhase section */
		8C897ED52912A2DB00B757F8 /* Resources */ = {
			isa = PBXResourcesBuildPhase;
			buildActionMask = 2147483647;
			files = (
				8C897EF92912BA2500B757F8 /* LoginStoryboard.storyboard in Resources */,
				8C897EE72912A2DC00B757F8 /* LaunchScreen.storyboard in Resources */,
				8C5440202915AD51009721C7 /* ListCarsStoryboard.storyboard in Resources */,
				8C7B0AE8291AA67400940E7A /* DetailStoryboard.storyboard in Resources */,
				8C897EE42912A2DC00B757F8 /* Assets.xcassets in Resources */,
			);
			runOnlyForDeploymentPostprocessing = 0;
		};
/* End PBXResourcesBuildPhase section */

/* Begin PBXShellScriptBuildPhase section */
		8C897EF72912B9A200B757F8 /* ShellScript */ = {
			isa = PBXShellScriptBuildPhase;
			buildActionMask = 2147483647;
			files = (
			);
			inputFileListPaths = (
			);
			inputPaths = (
			);
			outputFileListPaths = (
			);
			outputPaths = (
			);
			runOnlyForDeploymentPostprocessing = 0;
			shellPath = /bin/sh;
			shellScript = "if which swiftlint >/dev/null; then\n    swiftlint\nelse\n    echo \"warning: SwiftLint not installed, download from https://github.com/realm/SwiftLint\"\nfi\n";
		};
/* End PBXShellScriptBuildPhase section */

/* Begin PBXSourcesBuildPhase section */
		8C897ED32912A2DB00B757F8 /* Sources */ = {
			isa = PBXSourcesBuildPhase;
			buildActionMask = 2147483647;
			files = (
				8C54401B2915A504009721C7 /* ListCarsViewController.swift in Sources */,
				8C54401629147BDC009721C7 /* User.swift in Sources */,
				8C5440052913FDB9009721C7 /* Login.swift in Sources */,
				8C7B0AEA291AA68C00940E7A /* DetailCoordinator.swift in Sources */,
				8C7B0AEC291AD28A00940E7A /* DetailModel.swift in Sources */,
				8C54401929148E62009721C7 /* UserSession.swift in Sources */,
				8C54401429142EF5009721C7 /* LoginModel.swift in Sources */,
				8C897EF62912AEE200B757F8 /* LoginCoordinator.swift in Sources */,
				8C7B0AE5291AA61000940E7A /* DetailViewController.swift in Sources */,
				8C897EEF2912A67700B757F8 /* Coordinator.swift in Sources */,
				8CA7EE0A2919456D00AB620C /* ListCarsTableViewCell.swift in Sources */,
				8CA7EE10291951CB00AB620C /* ListCarsModel.swift in Sources */,
				8CA7EE1529198BF000AB620C /* ListCarsService.swift in Sources */,
				8C897EDF2912A2DB00B757F8 /* LoginViewController.swift in Sources */,
				8C54401229142512009721C7 /* Config.swift in Sources */,
				8C897EF12912A6DF00B757F8 /* AppCoordinator.swift in Sources */,
				8C54400D29142329009721C7 /* Network.swift in Sources */,
				8C897EDB2912A2DB00B757F8 /* AppDelegate.swift in Sources */,
				8C54400F29142387009721C7 /* Request.swift in Sources */,
				8C54401D2915A578009721C7 /* ListCarsCoordinator.swift in Sources */,
				8CA7EE0E29194E7F00AB620C /* Car.swift in Sources */,
				8C897EDD2912A2DB00B757F8 /* SceneDelegate.swift in Sources */,
				8C54400B29140ED5009721C7 /* LoginService.swift in Sources */,
			);
			runOnlyForDeploymentPostprocessing = 0;
		};
/* End PBXSourcesBuildPhase section */

/* Begin PBXVariantGroup section */
		8C897EE52912A2DC00B757F8 /* LaunchScreen.storyboard */ = {
			isa = PBXVariantGroup;
			children = (
				8C897EE62912A2DC00B757F8 /* Base */,
			);
			name = LaunchScreen.storyboard;
			sourceTree = "<group>";
		};
/* End PBXVariantGroup section */

/* Begin XCBuildConfiguration section */
		8C897EE92912A2DC00B757F8 /* Debug */ = {
			isa = XCBuildConfiguration;
			buildSettings = {
				ALWAYS_SEARCH_USER_PATHS = NO;
				CLANG_ANALYZER_NONNULL = YES;
				CLANG_ANALYZER_NUMBER_OBJECT_CONVERSION = YES_AGGRESSIVE;
				CLANG_CXX_LANGUAGE_STANDARD = "gnu++20";
				CLANG_ENABLE_MODULES = YES;
				CLANG_ENABLE_OBJC_ARC = YES;
				CLANG_ENABLE_OBJC_WEAK = YES;
				CLANG_WARN_BLOCK_CAPTURE_AUTORELEASING = YES;
				CLANG_WARN_BOOL_CONVERSION = YES;
				CLANG_WARN_COMMA = YES;
				CLANG_WARN_CONSTANT_CONVERSION = YES;
				CLANG_WARN_DEPRECATED_OBJC_IMPLEMENTATIONS = YES;
				CLANG_WARN_DIRECT_OBJC_ISA_USAGE = YES_ERROR;
				CLANG_WARN_DOCUMENTATION_COMMENTS = YES;
				CLANG_WARN_EMPTY_BODY = YES;
				CLANG_WARN_ENUM_CONVERSION = YES;
				CLANG_WARN_INFINITE_RECURSION = YES;
				CLANG_WARN_INT_CONVERSION = YES;
				CLANG_WARN_NON_LITERAL_NULL_CONVERSION = YES;
				CLANG_WARN_OBJC_IMPLICIT_RETAIN_SELF = YES;
				CLANG_WARN_OBJC_LITERAL_CONVERSION = YES;
				CLANG_WARN_OBJC_ROOT_CLASS = YES_ERROR;
				CLANG_WARN_QUOTED_INCLUDE_IN_FRAMEWORK_HEADER = YES;
				CLANG_WARN_RANGE_LOOP_ANALYSIS = YES;
				CLANG_WARN_STRICT_PROTOTYPES = YES;
				CLANG_WARN_SUSPICIOUS_MOVE = YES;
				CLANG_WARN_UNGUARDED_AVAILABILITY = YES_AGGRESSIVE;
				CLANG_WARN_UNREACHABLE_CODE = YES;
				CLANG_WARN__DUPLICATE_METHOD_MATCH = YES;
				COPY_PHASE_STRIP = NO;
				DEBUG_INFORMATION_FORMAT = dwarf;
				ENABLE_STRICT_OBJC_MSGSEND = YES;
				ENABLE_TESTABILITY = YES;
				GCC_C_LANGUAGE_STANDARD = gnu11;
				GCC_DYNAMIC_NO_PIC = NO;
				GCC_NO_COMMON_BLOCKS = YES;
				GCC_OPTIMIZATION_LEVEL = 0;
				GCC_PREPROCESSOR_DEFINITIONS = (
					"DEBUG=1",
					"$(inherited)",
				);
				GCC_WARN_64_TO_32_BIT_CONVERSION = YES;
				GCC_WARN_ABOUT_RETURN_TYPE = YES_ERROR;
				GCC_WARN_UNDECLARED_SELECTOR = YES;
				GCC_WARN_UNINITIALIZED_AUTOS = YES_AGGRESSIVE;
				GCC_WARN_UNUSED_FUNCTION = YES;
				GCC_WARN_UNUSED_VARIABLE = YES;
				IPHONEOS_DEPLOYMENT_TARGET = 16.0;
				MTL_ENABLE_DEBUG_INFO = INCLUDE_SOURCE;
				MTL_FAST_MATH = YES;
				ONLY_ACTIVE_ARCH = YES;
				SDKROOT = iphoneos;
				SWIFT_ACTIVE_COMPILATION_CONDITIONS = DEBUG;
				SWIFT_OPTIMIZATION_LEVEL = "-Onone";
			};
			name = Debug;
		};
		8C897EEA2912A2DC00B757F8 /* Release */ = {
			isa = XCBuildConfiguration;
			buildSettings = {
				ALWAYS_SEARCH_USER_PATHS = NO;
				CLANG_ANALYZER_NONNULL = YES;
				CLANG_ANALYZER_NUMBER_OBJECT_CONVERSION = YES_AGGRESSIVE;
				CLANG_CXX_LANGUAGE_STANDARD = "gnu++20";
				CLANG_ENABLE_MODULES = YES;
				CLANG_ENABLE_OBJC_ARC = YES;
				CLANG_ENABLE_OBJC_WEAK = YES;
				CLANG_WARN_BLOCK_CAPTURE_AUTORELEASING = YES;
				CLANG_WARN_BOOL_CONVERSION = YES;
				CLANG_WARN_COMMA = YES;
				CLANG_WARN_CONSTANT_CONVERSION = YES;
				CLANG_WARN_DEPRECATED_OBJC_IMPLEMENTATIONS = YES;
				CLANG_WARN_DIRECT_OBJC_ISA_USAGE = YES_ERROR;
				CLANG_WARN_DOCUMENTATION_COMMENTS = YES;
				CLANG_WARN_EMPTY_BODY = YES;
				CLANG_WARN_ENUM_CONVERSION = YES;
				CLANG_WARN_INFINITE_RECURSION = YES;
				CLANG_WARN_INT_CONVERSION = YES;
				CLANG_WARN_NON_LITERAL_NULL_CONVERSION = YES;
				CLANG_WARN_OBJC_IMPLICIT_RETAIN_SELF = YES;
				CLANG_WARN_OBJC_LITERAL_CONVERSION = YES;
				CLANG_WARN_OBJC_ROOT_CLASS = YES_ERROR;
				CLANG_WARN_QUOTED_INCLUDE_IN_FRAMEWORK_HEADER = YES;
				CLANG_WARN_RANGE_LOOP_ANALYSIS = YES;
				CLANG_WARN_STRICT_PROTOTYPES = YES;
				CLANG_WARN_SUSPICIOUS_MOVE = YES;
				CLANG_WARN_UNGUARDED_AVAILABILITY = YES_AGGRESSIVE;
				CLANG_WARN_UNREACHABLE_CODE = YES;
				CLANG_WARN__DUPLICATE_METHOD_MATCH = YES;
				COPY_PHASE_STRIP = NO;
				DEBUG_INFORMATION_FORMAT = "dwarf-with-dsym";
				ENABLE_NS_ASSERTIONS = NO;
				ENABLE_STRICT_OBJC_MSGSEND = YES;
				GCC_C_LANGUAGE_STANDARD = gnu11;
				GCC_NO_COMMON_BLOCKS = YES;
				GCC_WARN_64_TO_32_BIT_CONVERSION = YES;
				GCC_WARN_ABOUT_RETURN_TYPE = YES_ERROR;
				GCC_WARN_UNDECLARED_SELECTOR = YES;
				GCC_WARN_UNINITIALIZED_AUTOS = YES_AGGRESSIVE;
				GCC_WARN_UNUSED_FUNCTION = YES;
				GCC_WARN_UNUSED_VARIABLE = YES;
				IPHONEOS_DEPLOYMENT_TARGET = 16.0;
				MTL_ENABLE_DEBUG_INFO = NO;
				MTL_FAST_MATH = YES;
				SDKROOT = iphoneos;
				SWIFT_COMPILATION_MODE = wholemodule;
				SWIFT_OPTIMIZATION_LEVEL = "-O";
				VALIDATE_PRODUCT = YES;
			};
			name = Release;
		};
		8C897EEC2912A2DC00B757F8 /* Debug */ = {
			isa = XCBuildConfiguration;
			buildSettings = {
				ASSETCATALOG_COMPILER_APPICON_NAME = AppIcon;
				ASSETCATALOG_COMPILER_GLOBAL_ACCENT_COLOR_NAME = AccentColor;
				CODE_SIGN_STYLE = Automatic;
				CURRENT_PROJECT_VERSION = 1;
				DEVELOPMENT_TEAM = 5AN4GAV8W4;
				GENERATE_INFOPLIST_FILE = YES;
				INFOPLIST_FILE = AppCarros/Info.plist;
				INFOPLIST_KEY_UIApplicationSupportsIndirectInputEvents = YES;
				INFOPLIST_KEY_UILaunchStoryboardName = LoginStoryboard.storyboard;
				INFOPLIST_KEY_UIMainStoryboardFile = "";
				INFOPLIST_KEY_UISupportedInterfaceOrientations_iPad = "UIInterfaceOrientationPortrait UIInterfaceOrientationPortraitUpsideDown UIInterfaceOrientationLandscapeLeft UIInterfaceOrientationLandscapeRight";
				INFOPLIST_KEY_UISupportedInterfaceOrientations_iPhone = "UIInterfaceOrientationPortrait UIInterfaceOrientationLandscapeLeft UIInterfaceOrientationLandscapeRight";
				LD_RUNPATH_SEARCH_PATHS = (
					"$(inherited)",
					"@executable_path/Frameworks",
				);
				MARKETING_VERSION = 1.0;
				PRODUCT_BUNDLE_IDENTIFIER = com.sucris.AppCarros;
				PRODUCT_NAME = "$(TARGET_NAME)";
				SWIFT_EMIT_LOC_STRINGS = YES;
				SWIFT_VERSION = 5.0;
				TARGETED_DEVICE_FAMILY = "1,2";
			};
			name = Debug;
		};
		8C897EED2912A2DC00B757F8 /* Release */ = {
			isa = XCBuildConfiguration;
			buildSettings = {
				ASSETCATALOG_COMPILER_APPICON_NAME = AppIcon;
				ASSETCATALOG_COMPILER_GLOBAL_ACCENT_COLOR_NAME = AccentColor;
				CODE_SIGN_STYLE = Automatic;
				CURRENT_PROJECT_VERSION = 1;
				DEVELOPMENT_TEAM = 5AN4GAV8W4;
				GENERATE_INFOPLIST_FILE = YES;
				INFOPLIST_FILE = AppCarros/Info.plist;
				INFOPLIST_KEY_UIApplicationSupportsIndirectInputEvents = YES;
				INFOPLIST_KEY_UILaunchStoryboardName = LoginStoryboard.storyboard;
				INFOPLIST_KEY_UIMainStoryboardFile = "";
				INFOPLIST_KEY_UISupportedInterfaceOrientations_iPad = "UIInterfaceOrientationPortrait UIInterfaceOrientationPortraitUpsideDown UIInterfaceOrientationLandscapeLeft UIInterfaceOrientationLandscapeRight";
				INFOPLIST_KEY_UISupportedInterfaceOrientations_iPhone = "UIInterfaceOrientationPortrait UIInterfaceOrientationLandscapeLeft UIInterfaceOrientationLandscapeRight";
				LD_RUNPATH_SEARCH_PATHS = (
					"$(inherited)",
					"@executable_path/Frameworks",
				);
				MARKETING_VERSION = 1.0;
				PRODUCT_BUNDLE_IDENTIFIER = com.sucris.AppCarros;
				PRODUCT_NAME = "$(TARGET_NAME)";
				SWIFT_EMIT_LOC_STRINGS = YES;
				SWIFT_VERSION = 5.0;
				TARGETED_DEVICE_FAMILY = "1,2";
			};
			name = Release;
		};
/* End XCBuildConfiguration section */

/* Begin XCConfigurationList section */
		8C897ED22912A2DB00B757F8 /* Build configuration list for PBXProject "AppCarros" */ = {
			isa = XCConfigurationList;
			buildConfigurations = (
				8C897EE92912A2DC00B757F8 /* Debug */,
				8C897EEA2912A2DC00B757F8 /* Release */,
			);
			defaultConfigurationIsVisible = 0;
			defaultConfigurationName = Release;
		};
		8C897EEB2912A2DC00B757F8 /* Build configuration list for PBXNativeTarget "AppCarros" */ = {
			isa = XCConfigurationList;
			buildConfigurations = (
				8C897EEC2912A2DC00B757F8 /* Debug */,
				8C897EED2912A2DC00B757F8 /* Release */,
			);
			defaultConfigurationIsVisible = 0;
			defaultConfigurationName = Release;
		};
/* End XCConfigurationList section */

/* Begin XCRemoteSwiftPackageReference section */
		8CA7EE112919543200AB620C /* XCRemoteSwiftPackageReference "Kingfisher" */ = {
			isa = XCRemoteSwiftPackageReference;
			repositoryURL = "https://github.com/onevcat/Kingfisher.git";
			requirement = {
				branch = master;
				kind = branch;
			};
		};
/* End XCRemoteSwiftPackageReference section */

/* Begin XCSwiftPackageProductDependency section */
		8CA7EE122919543200AB620C /* Kingfisher */ = {
			isa = XCSwiftPackageProductDependency;
			package = 8CA7EE112919543200AB620C /* XCRemoteSwiftPackageReference "Kingfisher" */;
			productName = Kingfisher;
		};
/* End XCSwiftPackageProductDependency section */
	};
	rootObject = 8C897ECF2912A2DB00B757F8 /* Project object */;
}
